
Microsoft Visual Studio Solution File, Format Version 12.00
# Visual Studio Version 17
VisualStudioVersion = 17.11.35222.181
MinimumVisualStudioVersion = 10.0.40219.1
Project("{FAE04EC0-301F-11D3-BF4B-00C04F79EFBC}") = "TicTacToe", "TicTacToe\TicTacToe.csproj", "{59227545-0633-416B-B7AE-466CAA03FE5C}"
EndProject
Global
	GlobalSection(SolutionConfigurationPlatforms) = preSolution
		Debug|Any CPU = Debug|Any CPU
		Release|Any CPU = Release|Any CPU
	EndGlobalSection
	GlobalSection(ProjectConfigurationPlatforms) = postSolution
		{59227545-0633-416B-B7AE-466CAA03FE5C}.Debug|Any CPU.ActiveCfg = Debug|Any CPU
		{59227545-0633-416B-B7AE-466CAA03FE5C}.Debug|Any CPU.Build.0 = Debug|Any CPU
		{59227545-0633-416B-B7AE-466CAA03FE5C}.Release|Any CPU.ActiveCfg = Release|Any CPU
		{59227545-0633-416B-B7AE-466CAA03FE5C}.Release|Any CPU.Build.0 = Release|Any CPU
	EndGlobalSection
	GlobalSection(SolutionProperties) = preSolution
		HideSolutionNode = FALSE
	EndGlobalSection
	GlobalSection(ExtensibilityGlobals) = postSolution
		SolutionGuid = {30F142F9-618C-4F6A-825F-C3631B0AA23E}
	EndGlobalSection
EndGlobal
