
Microsoft Visual Studio Solution File, Format Version 12.00
# Visual Studio Version 17
VisualStudioVersion = 17.11.35222.181
MinimumVisualStudioVersion = 10.0.40219.1
Project("{FAE04EC0-301F-11D3-BF4B-00C04F79EFBC}") = "Expense_Tracker", "Expense_Tracker\Expense_Tracker.csproj", "{93B21D3F-8F03-4E46-832B-38528DE526F7}"
EndProject
Global
	GlobalSection(SolutionConfigurationPlatforms) = preSolution
		Debug|Any CPU = Debug|Any CPU
		Release|Any CPU = Release|Any CPU
	EndGlobalSection
	GlobalSection(ProjectConfigurationPlatforms) = postSolution
		{93B21D3F-8F03-4E46-832B-38528DE526F7}.Debug|Any CPU.ActiveCfg = Debug|Any CPU
		{93B21D3F-8F03-4E46-832B-38528DE526F7}.Debug|Any CPU.Build.0 = Debug|Any CPU
		{93B21D3F-8F03-4E46-832B-38528DE526F7}.Release|Any CPU.ActiveCfg = Release|Any CPU
		{93B21D3F-8F03-4E46-832B-38528DE526F7}.Release|Any CPU.Build.0 = Release|Any CPU
	EndGlobalSection
	GlobalSection(SolutionProperties) = preSolution
		HideSolutionNode = FALSE
	EndGlobalSection
	GlobalSection(ExtensibilityGlobals) = postSolution
		SolutionGuid = {C1A8E48F-02D6-4C3E-B922-EDC023A24A82}
	EndGlobalSection
EndGlobal
