
Microsoft Visual Studio Solution File, Format Version 12.00
# Visual Studio Version 17
VisualStudioVersion = 17.11.35222.181
MinimumVisualStudioVersion = 10.0.40219.1
Project("{FAE04EC0-301F-11D3-BF4B-00C04F79EFBC}") = "GuessTheAnimal", "GuessTheAnimal\GuessTheAnimal.csproj", "{DDF5FC74-9547-471F-9E3A-7731D9009FFF}"
EndProject
Global
	GlobalSection(SolutionConfigurationPlatforms) = preSolution
		Debug|Any CPU = Debug|Any CPU
		Release|Any CPU = Release|Any CPU
	EndGlobalSection
	GlobalSection(ProjectConfigurationPlatforms) = postSolution
		{DDF5FC74-9547-471F-9E3A-7731D9009FFF}.Debug|Any CPU.ActiveCfg = Debug|Any CPU
		{DDF5FC74-9547-471F-9E3A-7731D9009FFF}.Debug|Any CPU.Build.0 = Debug|Any CPU
		{DDF5FC74-9547-471F-9E3A-7731D9009FFF}.Release|Any CPU.ActiveCfg = Release|Any CPU
		{DDF5FC74-9547-471F-9E3A-7731D9009FFF}.Release|Any CPU.Build.0 = Release|Any CPU
	EndGlobalSection
	GlobalSection(SolutionProperties) = preSolution
		HideSolutionNode = FALSE
	EndGlobalSection
	GlobalSection(ExtensibilityGlobals) = postSolution
		SolutionGuid = {00B03555-D8CB-4A1B-8FD7-08E891CC82AB}
	EndGlobalSection
EndGlobal
